{
  "name": "truthlayer",
  "lockfileVersion": 3,
  "requires": true,
  "packages": {
    "": {
      "name": "truthlayer",
      "workspaces": [
        "apps/*",
        "packages/*",
        "services/api"
      ],
      "devDependencies": {
        "turbo": "^2.0.0",
        "typescript": "^5.4.0"
      }
    },
    "node_modules/@prisma/client": {
      "version": "5.22.0",
      "resolved": "https://registry.npmjs.org/@prisma/client/-/client-5.22.0.tgz",
      "integrity": "sha512-M0SVXfyHnQREBKxCgyo7sffrKttwE6R8PMq330MIUF0pTwjUhLbW84pFDlf06B27XyCR++VtjugEnIHdr07SVA==",
      "hasInstallScript": true,
      "license": "Apache-2.0",
      "engines": {
        "node": ">=16.13"
      },
      "peerDependencies": {
        "prisma": "*"
      },
      "peerDependenciesMeta": {
        "prisma": {
          "optional": true
        }
      }
    },
    "node_modules/@prisma/debug": {
      "version": "5.22.0",
      "resolved": "https://registry.npmjs.org/@prisma/debug/-/debug-5.22.0.tgz",
      "integrity": "sha512-AUt44v3YJeggO2ZU5BkXI7M4hu9BF2zzH2iF2V5pyXT/lRTyWiElZ7It+bRH1EshoMRxHgpYg4VB6rCM+mG5jQ==",
      "devOptional": true,
      "license": "Apache-2.0"
    },
    "node_modules/@prisma/engines": {
      "version": "5.22.0",
      "resolved": "https://registry.npmjs.org/@prisma/engines/-/engines-5.22.0.tgz",
      "integrity": "sha512-UNjfslWhAt06kVL3CjkuYpHAWSO6L4kDCVPegV6itt7nD1kSJavd3vhgAEhjglLJJKEdJ7oIqDJ+yHk6qO8gPA==",
      "devOptional": true,
      "hasInstallScript": true,
      "license": "Apache-2.0",
      "dependencies": {
        "@prisma/debug": "5.22.0",
        "@prisma/engines-version": "5.22.0-44.605197351a3c8bdd595af2d2a9bc3025bca48ea2",
        "@prisma/fetch-engine": "5.22.0",
        "@prisma/get-platform": "5.22.0"
      }
    },
    "node_modules/@prisma/engines-version": {
      "version": "5.22.0-44.605197351a3c8bdd595af2d2a9bc3025bca48ea2",
      "resolved": "https://registry.npmjs.org/@prisma/engines-version/-/engines-version-5.22.0-44.605197351a3c8bdd595af2d2a9bc3025bca48ea2.tgz",
      "integrity": "sha512-2PTmxFR2yHW/eB3uqWtcgRcgAbG1rwG9ZriSvQw+nnb7c4uCr3RAcGMb6/zfE88SKlC1Nj2ziUvc96Z379mHgQ==",
      "devOptional": true,
      "license": "Apache-2.0"
    },
    "node_modules/@prisma/fetch-engine": {
      "version": "5.22.0",
      "resolved": "https://registry.npmjs.org/@prisma/fetch-engine/-/fetch-engine-5.22.0.tgz",
      "integrity": "sha512-bkrD/Mc2fSvkQBV5EpoFcZ87AvOgDxbG99488a5cexp5Ccny+UM6MAe/UFkUC0wLYD9+9befNOqGiIJhhq+HbA==",
      "devOptional": true,
      "license": "Apache-2.0",
      "dependencies": {
        "@prisma/debug": "5.22.0",
        "@prisma/engines-version": "5.22.0-44.605197351a3c8bdd595af2d2a9bc3025bca48ea2",
        "@prisma/get-platform": "5.22.0"
      }
    },
    "node_modules/@prisma/get-platform": {
      "version": "5.22.0",
      "resolved": "https://registry.npmjs.org/@prisma/get-platform/-/get-platform-5.22.0.tgz",
      "integrity": "sha512-pHhpQdr1UPFpt+zFfnPazhulaZYCUqeIcPpJViYoq9R+D/yw4fjE+CtnsnKzPYm0ddUbeXUzjGVGIRVgPDCk4Q==",
      "devOptional": true,
      "license": "Apache-2.0",
      "dependencies": {
        "@prisma/debug": "5.22.0"
      }
    },
    "node_modules/@tanstack/query-core": {
      "version": "5.95.2",
      "resolved": "https://registry.npmjs.org/@tanstack/query-core/-/query-core-5.95.2.tgz",
      "integrity": "sha512-o4T8vZHZET4Bib3jZ/tCW9/7080urD4c+0/AUaYVpIqOsr7y0reBc1oX3ttNaSW5mYyvZHctiQ/UOP2PfdmFEQ==",
      "license": "MIT",
      "funding": {
        "type": "github",
        "url": "https://github.com/sponsors/tannerlinsley"
      }
    },
    "node_modules/@tanstack/react-query": {
      "version": "5.95.2",
      "resolved": "https://registry.npmjs.org/@tanstack/react-query/-/react-query-5.95.2.tgz",
      "integrity": "sha512-/wGkvLj/st5Ud1Q76KF1uFxScV7WeqN1slQx5280ycwAyYkIPGaRZAEgHxe3bjirSd5Zpwkj6zNcR4cqYni/ZA==",
      "license": "MIT",
      "dependencies": {
        "@tanstack/query-core": "5.95.2"
      },
      "funding": {
        "type": "github",
        "url": "https://github.com/sponsors/tannerlinsley"
      },
      "peerDependencies": {
        "react": "^18 || ^19"
      }
    },
    "node_modules/@truthlayer/api-client": {
      "resolved": "packages/api-client",
      "link": true
    },
    "node_modules/@truthlayer/database": {
      "resolved": "packages/database",
      "link": true
    },
    "node_modules/@truthlayer/shared": {
      "resolved": "packages/shared",
      "link": true
    },
    "node_modules/@turbo/darwin-64": {
      "version": "2.8.21",
      "resolved": "https://registry.npmjs.org/@turbo/darwin-64/-/darwin-64-2.8.21.tgz",
      "integrity": "sha512-kfGoM0Iw8ZNZpbds+4IzOe0hjvHldqJwUPRAjXJi3KBxg/QOZL95N893SRoMtf2aJ+jJ3dk32yPkp8rvcIjP9g==",
      "cpu": [
        "x64"
      ],
      "dev": true,
      "license": "MIT",
      "optional": true,
      "os": [
        "darwin"
      ]
    },
    "node_modules/@turbo/darwin-arm64": {
      "version": "2.8.21",
      "resolved": "https://registry.npmjs.org/@turbo/darwin-arm64/-/darwin-arm64-2.8.21.tgz",
      "integrity": "sha512-o9HEflxUEyr987x0cTUzZBhDOyL6u95JmdmlkH2VyxAw7zq2sdtM5e72y9ufv2N5SIoOBw1fVn9UES5VY5H6vQ==",
      "cpu": [
        "arm64"
      ],
      "dev": true,
      "license": "MIT",
      "optional": true,
      "os": [
        "darwin"
      ]
    },
    "node_modules/@turbo/linux-64": {
      "version": "2.8.21",
      "resolved": "https://registry.npmjs.org/@turbo/linux-64/-/linux-64-2.8.21.tgz",
      "integrity": "sha512-uTxlCcXWy5h1fSSymP8XSJ+AudzEHMDV3IDfKX7+DGB8kgJ+SLoTUAH7z4OFA7I/l2sznz0upPdbNNZs91YMag==",
      "cpu": [
        "x64"
      ],
      "dev": true,
      "license": "MIT",
      "optional": true,
      "os": [
        "linux"
      ]
    },
    "node_modules/@turbo/linux-arm64": {
      "version": "2.8.21",
      "resolved": "https://registry.npmjs.org/@turbo/linux-arm64/-/linux-arm64-2.8.21.tgz",
      "integrity": "sha512-cdHIcxNcihHHkCHp0Y4Zb60K4Qz+CK4xw1gb6s/t/9o4SMeMj+hTBCtoW6QpPnl9xPYmxuTou8Zw6+cylTnREg==",
      "cpu": [
        "arm64"
      ],
      "dev": true,
      "license": "MIT",
      "optional": true,
      "os": [
        "linux"
      ]
    },
    "node_modules/@turbo/windows-64": {
      "version": "2.8.21",
      "resolved": "https://registry.npmjs.org/@turbo/windows-64/-/windows-64-2.8.21.tgz",
      "integrity": "sha512-/iBj4OzbqEY8CX+eaeKbBTMZv2CLXNrt0692F7HnK7LcyYwyDecaAiSET6ZzL4opT7sbwkKvzAC/fhqT3Quu1A==",
      "cpu": [
        "x64"
      ],
      "dev": true,
      "license": "MIT",
      "optional": true,
      "os": [
        "win32"
      ]
    },
    "node_modules/@turbo/windows-arm64": {
      "version": "2.8.21",
      "resolved": "https://registry.npmjs.org/@turbo/windows-arm64/-/windows-arm64-2.8.21.tgz",
      "integrity": "sha512-95tMA/ZbIidJFUUtkmqioQ1gf3n3I1YbRP3ZgVdWTVn2qVbkodcIdGXBKRHHrIbRsLRl99SiHi/L7IxhpZDagQ==",
      "cpu": [
        "arm64"
      ],
      "dev": true,
      "license": "MIT",
      "optional": true,
      "os": [
        "win32"
      ]
    },
    "node_modules/fsevents": {
      "version": "2.3.3",
      "resolved": "https://registry.npmjs.org/fsevents/-/fsevents-2.3.3.tgz",
      "integrity": "sha512-5xoDfX+fL7faATnagmWPpbFtwh/R77WmMMqqHGS65C3vvB0YHrgF+B1YmZ3441tMj5n63k0212XNoJwzlhffQw==",
      "hasInstallScript": true,
      "license": "MIT",
      "optional": true,
      "os": [
        "darwin"
      ],
      "engines": {
        "node": "^8.16.0 || ^10.6.0 || >=11.0.0"
      }
    },
    "node_modules/prisma": {
      "version": "5.22.0",
      "resolved": "https://registry.npmjs.org/prisma/-/prisma-5.22.0.tgz",
      "integrity": "sha512-vtpjW3XuYCSnMsNVBjLMNkTj6OZbudcPPTPYHqX0CJfpcdWciI1dM8uHETwmDxxiqEwCIE6WvXucWUetJgfu/A==",
      "devOptional": true,
      "hasInstallScript": true,
      "license": "Apache-2.0",
      "dependencies": {
        "@prisma/engines": "5.22.0"
      },
      "bin": {
        "prisma": "build/index.js"
      },
      "engines": {
        "node": ">=16.13"
      },
      "optionalDependencies": {
        "fsevents": "2.3.3"
      }
    },
    "node_modules/react": {
      "version": "19.2.4",
      "resolved": "https://registry.npmjs.org/react/-/react-19.2.4.tgz",
      "integrity": "sha512-9nfp2hYpCwOjAN+8TZFGhtWEwgvWHXqESH8qT89AT/lWklpLON22Lc8pEtnpsZz7VmawabSU0gCjnj8aC0euHQ==",
      "license": "MIT",
      "peer": true,
      "engines": {
        "node": ">=0.10.0"
      }
    },
    "node_modules/turbo": {
      "version": "2.8.21",
      "resolved": "https://registry.npmjs.org/turbo/-/turbo-2.8.21.tgz",
      "integrity": "sha512-FlJ8OD5Qcp0jTAM7E4a/RhUzRNds2GzKlyxHKA6N247VLy628rrxAGlMpIXSz6VB430+TiQDJ/SMl6PL1lu6wQ==",
      "dev": true,
      "license": "MIT",
      "bin": {
        "turbo": "bin/turbo"
      },
      "optionalDependencies": {
        "@turbo/darwin-64": "2.8.21",
        "@turbo/darwin-arm64": "2.8.21",
        "@turbo/linux-64": "2.8.21",
        "@turbo/linux-arm64": "2.8.21",
        "@turbo/windows-64": "2.8.21",
        "@turbo/windows-arm64": "2.8.21"
      }
    },
    "node_modules/typescript": {
      "version": "5.9.3",
      "resolved": "https://registry.npmjs.org/typescript/-/typescript-5.9.3.tgz",
      "integrity": "sha512-jl1vZzPDinLr9eUt3J/t7V6FgNEw9QjvBPdysz9KfQDD41fQrC2Y4vKQdiaUpFT4bXlb1RHhLpp8wtm6M5TgSw==",
      "dev": true,
      "license": "Apache-2.0",
      "bin": {
        "tsc": "bin/tsc",
        "tsserver": "bin/tsserver"
      },
      "engines": {
        "node": ">=14.17"
      }
    },
    "node_modules/zod": {
      "version": "3.25.76",
      "resolved": "https://registry.npmjs.org/zod/-/zod-3.25.76.tgz",
      "integrity": "sha512-gzUt/qt81nXsFGKIFcC3YnfEAx5NkunCfnDlvuBSSFS02bcXu4Lmea0AFIUwbLWxWPx3d9p8S5QoaujKcNQxcQ==",
      "license": "MIT",
      "funding": {
        "url": "https://github.com/sponsors/colinhacks"
      }
    },
    "packages/api-client": {
      "name": "@truthlayer/api-client",
      "version": "0.0.1",
      "dependencies": {
        "@tanstack/react-query": "^5.40.0",
        "@truthlayer/shared": "*"
      },
      "devDependencies": {
        "typescript": "^5.4.0"
      },
      "peerDependencies": {
        "react": ">=18"
      }
    },
    "packages/database": {
      "name": "@truthlayer/database",
      "version": "0.0.1",
      "dependencies": {
        "@prisma/client": "^5.14.0"
      },
      "devDependencies": {
        "prisma": "^5.14.0",
        "typescript": "^5.4.0"
      }
    },
    "packages/shared": {
      "name": "@truthlayer/shared",
      "version": "0.0.1",
      "dependencies": {
        "zod": "^3.23.0"
      },
      "devDependencies": {
        "typescript": "^5.4.0"
      }
    }
  }
}
